
Microsoft Visual Studio Solution File, Format Version 12.00
# Visual Studio Version 17
VisualStudioVersion = 17.1.32421.90
MinimumVisualStudioVersion = 10.0.40219.1
Project("{FAE04EC0-301F-11D3-BF4B-00C04F79EFBC}") = "Azox.Core", "src\Azox.Core\Azox.Core.csproj", "{595FBF3E-493F-480E-90AE-F1BC4CA11A03}"
EndProject
Global
	GlobalSection(SolutionConfigurationPlatforms) = preSolution
		Debug|Any CPU = Debug|Any CPU
		Release|Any CPU = Release|Any CPU
	EndGlobalSection
	GlobalSection(ProjectConfigurationPlatforms) = postSolution
		{595FBF3E-493F-480E-90AE-F1BC4CA11A03}.Debug|Any CPU.ActiveCfg = Debug|Any CPU
		{595FBF3E-493F-480E-90AE-F1BC4CA11A03}.Debug|Any CPU.Build.0 = Debug|Any CPU
		{595FBF3E-493F-480E-90AE-F1BC4CA11A03}.Release|Any CPU.ActiveCfg = Release|Any CPU
		{595FBF3E-493F-480E-90AE-F1BC4CA11A03}.Release|Any CPU.Build.0 = Release|Any CPU
	EndGlobalSection
	GlobalSection(SolutionProperties) = preSolution
		HideSolutionNode = FALSE
	EndGlobalSection
	GlobalSection(ExtensibilityGlobals) = postSolution
		SolutionGuid = {B1CD5380-A0F0-46C2-BF02-89A855116755}
	EndGlobalSection
EndGlobal
